
Microsoft Visual Studio Solution File, Format Version 12.00
# Visual Studio 2017
Project("{FAE04EC0-301F-11D3-BF4B-00C04F79EFBC}") = "RPGgameOne", "RPGgameOne.csproj", "{017EE3D1-DC9C-B38A-4851-922FB093693A}"
EndProject
Project("{FAE04EC0-301F-11D3-BF4B-00C04F79EFBC}") = "RPGgameOne.Editor", "RPGgameOne.Editor.csproj", "{2D6D9E1D-A21E-BD23-FC81-CA80262A457D}"
EndProject
Global
	GlobalSection(SolutionConfigurationPlatforms) = preSolution
		Debug|Any CPU = Debug|Any CPU
		Release|Any CPU = Release|Any CPU
	EndGlobalSection
	GlobalSection(ProjectConfigurationPlatforms) = postSolution
		{017EE3D1-DC9C-B38A-4851-922FB093693A}.Debug|Any CPU.ActiveCfg = Debug|Any CPU
		{017EE3D1-DC9C-B38A-4851-922FB093693A}.Debug|Any CPU.Build.0 = Debug|Any CPU
		{017EE3D1-DC9C-B38A-4851-922FB093693A}.Release|Any CPU.ActiveCfg = Release|Any CPU
		{017EE3D1-DC9C-B38A-4851-922FB093693A}.Release|Any CPU.Build.0 = Release|Any CPU
		{2D6D9E1D-A21E-BD23-FC81-CA80262A457D}.Debug|Any CPU.ActiveCfg = Debug|Any CPU
		{2D6D9E1D-A21E-BD23-FC81-CA80262A457D}.Debug|Any CPU.Build.0 = Debug|Any CPU
		{2D6D9E1D-A21E-BD23-FC81-CA80262A457D}.Release|Any CPU.ActiveCfg = Release|Any CPU
		{2D6D9E1D-A21E-BD23-FC81-CA80262A457D}.Release|Any CPU.Build.0 = Release|Any CPU
	EndGlobalSection
	GlobalSection(SolutionProperties) = preSolution
		HideSolutionNode = FALSE
	EndGlobalSection
EndGlobal
